<Solution>
	<Project Path="src/backend/Petrix.Api/Petrix.Api.csproj" />
	<Project Path="src/backend/Petrix.Application/Petrix.Application.csproj" />
	<Project Path="src/backend/Petrix.Domain/Petrix.Domain.csproj" />
	<Project Path="src/backend/Petrix.Infrastructure/Petrix.Infrastructure.csproj" />
</Solution>
